
Microsoft Visual Studio Solution File, Format Version 12.00
# Visual Studio 15
VisualStudioVersion = 15.0.28307.1169
MinimumVisualStudioVersion = 10.0.40219.1
Project("{FAE04EC0-301F-11D3-BF4B-00C04F79EFBC}") = "Equipo2", "Equipo2\Equipo2.csproj", "{FFB0D533-5D84-47D4-B0C2-5B2E3CA693A5}"
EndProject
Global
	GlobalSection(SolutionConfigurationPlatforms) = preSolution
		Debug|Any CPU = Debug|Any CPU
		Release|Any CPU = Release|Any CPU
	EndGlobalSection
	GlobalSection(ProjectConfigurationPlatforms) = postSolution
		{FFB0D533-5D84-47D4-B0C2-5B2E3CA693A5}.Debug|Any CPU.ActiveCfg = Debug|Any CPU
		{FFB0D533-5D84-47D4-B0C2-5B2E3CA693A5}.Debug|Any CPU.Build.0 = Debug|Any CPU
		{FFB0D533-5D84-47D4-B0C2-5B2E3CA693A5}.Release|Any CPU.ActiveCfg = Release|Any CPU
		{FFB0D533-5D84-47D4-B0C2-5B2E3CA693A5}.Release|Any CPU.Build.0 = Release|Any CPU
	EndGlobalSection
	GlobalSection(SolutionProperties) = preSolution
		HideSolutionNode = FALSE
	EndGlobalSection
	GlobalSection(ExtensibilityGlobals) = postSolution
		SolutionGuid = {8EA8DFBC-5057-454F-AE30-E628F5429114}
	EndGlobalSection
EndGlobal
